
Microsoft Visual Studio Solution File, Format Version 12.00
# Visual Studio 15
VisualStudioVersion = 15.0.26430.12
MinimumVisualStudioVersion = 10.0.40219.1
Project("{FAE04EC0-301F-11D3-BF4B-00C04F79EFBC}") = "frequenSee.Engine", "..\frequenSee.Engine\frequenSee.Engine.csproj", "{62767E11-BF4A-456F-B98F-1FBC6CB789E6}"
EndProject
Project("{FAE04EC0-301F-11D3-BF4B-00C04F79EFBC}") = "frequenSee.Engine.Tests", "..\frequenSee.Engine.Tests\frequenSee.Engine.Tests.csproj", "{211790B2-9F39-47B6-8119-55562C81CB30}"
EndProject
Project("{2150E333-8FDC-42A3-9474-1A3956D46DE8}") = "Tests", "Tests", "{0501DA21-8DF8-4C5A-8231-BA4C2A80B3D0}"
EndProject
Project("{2150E333-8FDC-42A3-9474-1A3956D46DE8}") = "Core", "Core", "{31CDC4FD-CF20-44A0-8D56-27D6E1FA7E4E}"
EndProject
Project("{FAE04EC0-301F-11D3-BF4B-00C04F79EFBC}") = "frequenSee.Models", "..\frequenSee.Models\frequenSee.Models.csproj", "{3CF50301-3EAB-4A13-99B9-8673B10E9909}"
EndProject
Project("{2150E333-8FDC-42A3-9474-1A3956D46DE8}") = "Data", "Data", "{6327C3AE-B188-4B55-9425-5BDCCE839E54}"
EndProject
Project("{FAE04EC0-301F-11D3-BF4B-00C04F79EFBC}") = "frequenSee.Data", "..\frequenSee.Data\frequenSee.Data.csproj", "{DD521325-98B4-408A-8407-ED58882812AF}"
EndProject
Project("{FAE04EC0-301F-11D3-BF4B-00C04F79EFBC}") = "frequenSee.Data.Entities", "..\frequenSee.Data.Entities\frequenSee.Data.Entities.csproj", "{DDB53BDC-3455-481E-A314-CC4688B2167A}"
EndProject
Project("{FAE04EC0-301F-11D3-BF4B-00C04F79EFBC}") = "frequenSee.Data.Interfaces", "..\frequenSee.Data.Interfaces\frequenSee.Data.Interfaces.csproj", "{6A9650D2-1082-446A-B95B-B654F81651F0}"
EndProject
Project("{2150E333-8FDC-42A3-9474-1A3956D46DE8}") = "Client", "Client", "{AD898707-C10B-439B-9BA1-1D0396732EB6}"
EndProject
Project("{FAE04EC0-301F-11D3-BF4B-00C04F79EFBC}") = "frequenSee.Client", "..\frequenSee.Client\frequenSee.Client.csproj", "{A95A0F2E-0D9C-4354-AFC7-68A35411C712}"
EndProject
Global
	GlobalSection(SolutionConfigurationPlatforms) = preSolution
		Debug|Any CPU = Debug|Any CPU
		Release|Any CPU = Release|Any CPU
	EndGlobalSection
	GlobalSection(ProjectConfigurationPlatforms) = postSolution
		{62767E11-BF4A-456F-B98F-1FBC6CB789E6}.Debug|Any CPU.ActiveCfg = Debug|Any CPU
		{62767E11-BF4A-456F-B98F-1FBC6CB789E6}.Debug|Any CPU.Build.0 = Debug|Any CPU
		{62767E11-BF4A-456F-B98F-1FBC6CB789E6}.Release|Any CPU.ActiveCfg = Release|Any CPU
		{62767E11-BF4A-456F-B98F-1FBC6CB789E6}.Release|Any CPU.Build.0 = Release|Any CPU
		{211790B2-9F39-47B6-8119-55562C81CB30}.Debug|Any CPU.ActiveCfg = Debug|Any CPU
		{211790B2-9F39-47B6-8119-55562C81CB30}.Debug|Any CPU.Build.0 = Debug|Any CPU
		{211790B2-9F39-47B6-8119-55562C81CB30}.Release|Any CPU.ActiveCfg = Release|Any CPU
		{211790B2-9F39-47B6-8119-55562C81CB30}.Release|Any CPU.Build.0 = Release|Any CPU
		{3CF50301-3EAB-4A13-99B9-8673B10E9909}.Debug|Any CPU.ActiveCfg = Debug|Any CPU
		{3CF50301-3EAB-4A13-99B9-8673B10E9909}.Debug|Any CPU.Build.0 = Debug|Any CPU
		{3CF50301-3EAB-4A13-99B9-8673B10E9909}.Release|Any CPU.ActiveCfg = Release|Any CPU
		{3CF50301-3EAB-4A13-99B9-8673B10E9909}.Release|Any CPU.Build.0 = Release|Any CPU
		{DD521325-98B4-408A-8407-ED58882812AF}.Debug|Any CPU.ActiveCfg = Debug|Any CPU
		{DD521325-98B4-408A-8407-ED58882812AF}.Debug|Any CPU.Build.0 = Debug|Any CPU
		{DD521325-98B4-408A-8407-ED58882812AF}.Release|Any CPU.ActiveCfg = Release|Any CPU
		{DD521325-98B4-408A-8407-ED58882812AF}.Release|Any CPU.Build.0 = Release|Any CPU
		{DDB53BDC-3455-481E-A314-CC4688B2167A}.Debug|Any CPU.ActiveCfg = Debug|Any CPU
		{DDB53BDC-3455-481E-A314-CC4688B2167A}.Debug|Any CPU.Build.0 = Debug|Any CPU
		{DDB53BDC-3455-481E-A314-CC4688B2167A}.Release|Any CPU.ActiveCfg = Release|Any CPU
		{DDB53BDC-3455-481E-A314-CC4688B2167A}.Release|Any CPU.Build.0 = Release|Any CPU
		{6A9650D2-1082-446A-B95B-B654F81651F0}.Debug|Any CPU.ActiveCfg = Debug|Any CPU
		{6A9650D2-1082-446A-B95B-B654F81651F0}.Debug|Any CPU.Build.0 = Debug|Any CPU
		{6A9650D2-1082-446A-B95B-B654F81651F0}.Release|Any CPU.ActiveCfg = Release|Any CPU
		{6A9650D2-1082-446A-B95B-B654F81651F0}.Release|Any CPU.Build.0 = Release|Any CPU
		{A95A0F2E-0D9C-4354-AFC7-68A35411C712}.Debug|Any CPU.ActiveCfg = Debug|Any CPU
		{A95A0F2E-0D9C-4354-AFC7-68A35411C712}.Debug|Any CPU.Build.0 = Debug|Any CPU
		{A95A0F2E-0D9C-4354-AFC7-68A35411C712}.Release|Any CPU.ActiveCfg = Release|Any CPU
		{A95A0F2E-0D9C-4354-AFC7-68A35411C712}.Release|Any CPU.Build.0 = Release|Any CPU
	EndGlobalSection
	GlobalSection(SolutionProperties) = preSolution
		HideSolutionNode = FALSE
	EndGlobalSection
	GlobalSection(NestedProjects) = preSolution
		{62767E11-BF4A-456F-B98F-1FBC6CB789E6} = {31CDC4FD-CF20-44A0-8D56-27D6E1FA7E4E}
		{211790B2-9F39-47B6-8119-55562C81CB30} = {0501DA21-8DF8-4C5A-8231-BA4C2A80B3D0}
		{3CF50301-3EAB-4A13-99B9-8673B10E9909} = {31CDC4FD-CF20-44A0-8D56-27D6E1FA7E4E}
		{DD521325-98B4-408A-8407-ED58882812AF} = {6327C3AE-B188-4B55-9425-5BDCCE839E54}
		{DDB53BDC-3455-481E-A314-CC4688B2167A} = {6327C3AE-B188-4B55-9425-5BDCCE839E54}
		{6A9650D2-1082-446A-B95B-B654F81651F0} = {6327C3AE-B188-4B55-9425-5BDCCE839E54}
		{A95A0F2E-0D9C-4354-AFC7-68A35411C712} = {AD898707-C10B-439B-9BA1-1D0396732EB6}
	EndGlobalSection
EndGlobal
